
Microsoft Visual Studio Solution File, Format Version 12.00
# Visual Studio Version 17
VisualStudioVersion = 17.1.32210.238
MinimumVisualStudioVersion = 10.0.40219.1
Project("{FAE04EC0-301F-11D3-BF4B-00C04F79EFBC}") = "UDPServer", "UDPServer\UDPServer.csproj", "{C0F5CD31-B424-4C24-9E1D-020E73D91A88}"
EndProject
Global
	GlobalSection(SolutionConfigurationPlatforms) = preSolution
		Debug|Any CPU = Debug|Any CPU
		Release|Any CPU = Release|Any CPU
	EndGlobalSection
	GlobalSection(ProjectConfigurationPlatforms) = postSolution
		{C0F5CD31-B424-4C24-9E1D-020E73D91A88}.Debug|Any CPU.ActiveCfg = Debug|Any CPU
		{C0F5CD31-B424-4C24-9E1D-020E73D91A88}.Debug|Any CPU.Build.0 = Debug|Any CPU
		{C0F5CD31-B424-4C24-9E1D-020E73D91A88}.Release|Any CPU.ActiveCfg = Release|Any CPU
		{C0F5CD31-B424-4C24-9E1D-020E73D91A88}.Release|Any CPU.Build.0 = Release|Any CPU
	EndGlobalSection
	GlobalSection(SolutionProperties) = preSolution
		HideSolutionNode = FALSE
	EndGlobalSection
	GlobalSection(ExtensibilityGlobals) = postSolution
		SolutionGuid = {71FF3237-D976-4CC8-B17A-66344CDF3DBF}
	EndGlobalSection
EndGlobal
